{
  "name": "sxx_xwl_copy",
  "lockfileVersion": 2,
  "requires": true,
  "packages": {
    "": {
      "dependencies": {
        "wux-weapp": "^3.8.9"
      }
    },
    "node_modules/wux-weapp": {
      "version": "3.8.9",
      "resolved": "https://registry.npmmirror.com/wux-weapp/-/wux-weapp-3.8.9.tgz",
      "integrity": "sha512-uPGULzEePHVebSR98zVKgh/s3zjANN9nhrKuWK8vaWVcN+qqxJKleZN5BUKZrqWNKfnZzeppNk40AmQ3c2cNZA=="
    }
  },
  "dependencies": {
    "wux-weapp": {
      "version": "3.8.9",
      "resolved": "https://registry.npmmirror.com/wux-weapp/-/wux-weapp-3.8.9.tgz",
      "integrity": "sha512-uPGULzEePHVebSR98zVKgh/s3zjANN9nhrKuWK8vaWVcN+qqxJKleZN5BUKZrqWNKfnZzeppNk40AmQ3c2cNZA=="
    }
  }
}
